{
  "object": {
    "pins": [
      {
        "package": "ACarousel",
        "repositoryURL": "https://github.com/JWAutumn/ACarousel",
        "state": {
          "branch": "main",
          "revision": "807d859fb39ccaae2caf8ff60fb2ee1a5048f4ca",
          "version": null
        }
      }
    ]
  },
  "version": 1
}
